
Microsoft Visual Studio Solution File, Format Version 12.00
# Visual Studio 15
VisualStudioVersion = 15.0.27004.2002
MinimumVisualStudioVersion = 10.0.40219.1
Project("{FAE04EC0-301F-11D3-BF4B-00C04F79EFBC}") = "GameServer", "GameServer\GameServer.csproj", "{D8CBE0C3-EE13-428E-B1BA-A0F72F8F32DA}"
EndProject
Project("{FAE04EC0-301F-11D3-BF4B-00C04F79EFBC}") = "GameClient", "GameClient\GameClient.csproj", "{28CA09F7-1D93-4EE6-8DBC-6C625D9027AF}"
EndProject
Project("{FAE04EC0-301F-11D3-BF4B-00C04F79EFBC}") = "Interface", "Interface\Interface.csproj", "{E90FFA69-EC42-49E3-A021-F5A8B9CCBB34}"
EndProject
Project("{FAE04EC0-301F-11D3-BF4B-00C04F79EFBC}") = "Infrastructure", "Infrastructure\Infrastructure.csproj", "{C090FCE5-1FE8-46E9-B6A0-92886FE2E0EB}"
EndProject
Project("{FAE04EC0-301F-11D3-BF4B-00C04F79EFBC}") = "Deployment", "Deployment\Deployment.csproj", "{432F457E-8C13-4C2A-B52E-FFF8308E4191}"
EndProject
Global
	GlobalSection(SolutionConfigurationPlatforms) = preSolution
		Debug|Any CPU = Debug|Any CPU
		Release|Any CPU = Release|Any CPU
	EndGlobalSection
	GlobalSection(ProjectConfigurationPlatforms) = postSolution
		{D8CBE0C3-EE13-428E-B1BA-A0F72F8F32DA}.Debug|Any CPU.ActiveCfg = Debug|Any CPU
		{D8CBE0C3-EE13-428E-B1BA-A0F72F8F32DA}.Debug|Any CPU.Build.0 = Debug|Any CPU
		{D8CBE0C3-EE13-428E-B1BA-A0F72F8F32DA}.Release|Any CPU.ActiveCfg = Release|Any CPU
		{D8CBE0C3-EE13-428E-B1BA-A0F72F8F32DA}.Release|Any CPU.Build.0 = Release|Any CPU
		{28CA09F7-1D93-4EE6-8DBC-6C625D9027AF}.Debug|Any CPU.ActiveCfg = Debug|Any CPU
		{28CA09F7-1D93-4EE6-8DBC-6C625D9027AF}.Debug|Any CPU.Build.0 = Debug|Any CPU
		{28CA09F7-1D93-4EE6-8DBC-6C625D9027AF}.Release|Any CPU.ActiveCfg = Release|Any CPU
		{28CA09F7-1D93-4EE6-8DBC-6C625D9027AF}.Release|Any CPU.Build.0 = Release|Any CPU
		{E90FFA69-EC42-49E3-A021-F5A8B9CCBB34}.Debug|Any CPU.ActiveCfg = Debug|Any CPU
		{E90FFA69-EC42-49E3-A021-F5A8B9CCBB34}.Debug|Any CPU.Build.0 = Debug|Any CPU
		{E90FFA69-EC42-49E3-A021-F5A8B9CCBB34}.Release|Any CPU.ActiveCfg = Release|Any CPU
		{E90FFA69-EC42-49E3-A021-F5A8B9CCBB34}.Release|Any CPU.Build.0 = Release|Any CPU
		{C090FCE5-1FE8-46E9-B6A0-92886FE2E0EB}.Debug|Any CPU.ActiveCfg = Debug|Any CPU
		{C090FCE5-1FE8-46E9-B6A0-92886FE2E0EB}.Debug|Any CPU.Build.0 = Debug|Any CPU
		{C090FCE5-1FE8-46E9-B6A0-92886FE2E0EB}.Release|Any CPU.ActiveCfg = Release|Any CPU
		{C090FCE5-1FE8-46E9-B6A0-92886FE2E0EB}.Release|Any CPU.Build.0 = Release|Any CPU
		{432F457E-8C13-4C2A-B52E-FFF8308E4191}.Debug|Any CPU.ActiveCfg = Debug|Any CPU
		{432F457E-8C13-4C2A-B52E-FFF8308E4191}.Debug|Any CPU.Build.0 = Debug|Any CPU
		{432F457E-8C13-4C2A-B52E-FFF8308E4191}.Release|Any CPU.ActiveCfg = Release|Any CPU
		{432F457E-8C13-4C2A-B52E-FFF8308E4191}.Release|Any CPU.Build.0 = Release|Any CPU
	EndGlobalSection
	GlobalSection(SolutionProperties) = preSolution
		HideSolutionNode = FALSE
	EndGlobalSection
	GlobalSection(ExtensibilityGlobals) = postSolution
		SolutionGuid = {DCCCF134-B6BA-4165-84F3-C2B11A09ADCA}
	EndGlobalSection
EndGlobal
